
Microsoft Visual Studio Solution File, Format Version 12.00
# Visual Studio Version 17
VisualStudioVersion = 17.4.33213.308
MinimumVisualStudioVersion = 10.0.40219.1
Project("{9092AA53-FB77-4645-B42D-1CCCA6BD08BD}") = "OpenAI", "OpenAI.njsproj", "{6E68ED5D-F7CE-4F99-88F0-664BEB0218BB}"
EndProject
Global
	GlobalSection(SolutionConfigurationPlatforms) = preSolution
		Debug|Any CPU = Debug|Any CPU
		Release|Any CPU = Release|Any CPU
	EndGlobalSection
	GlobalSection(ProjectConfigurationPlatforms) = postSolution
		{6E68ED5D-F7CE-4F99-88F0-664BEB0218BB}.Debug|Any CPU.ActiveCfg = Debug|Any CPU
		{6E68ED5D-F7CE-4F99-88F0-664BEB0218BB}.Debug|Any CPU.Build.0 = Debug|Any CPU
		{6E68ED5D-F7CE-4F99-88F0-664BEB0218BB}.Release|Any CPU.ActiveCfg = Release|Any CPU
		{6E68ED5D-F7CE-4F99-88F0-664BEB0218BB}.Release|Any CPU.Build.0 = Release|Any CPU
	EndGlobalSection
	GlobalSection(SolutionProperties) = preSolution
		HideSolutionNode = FALSE
	EndGlobalSection
	GlobalSection(ExtensibilityGlobals) = postSolution
		SolutionGuid = {5D3F8D6E-9126-4B2C-87DF-E1D04C9B97EB}
	EndGlobalSection
EndGlobal
